
Microsoft Visual Studio Solution File, Format Version 12.00
# Visual Studio Version 16
VisualStudioVersion = 16.0.32802.440
MinimumVisualStudioVersion = 10.0.40219.1
Project("{FAE04EC0-301F-11D3-BF4B-00C04F79EFBC}") = "lab06", "lab06\lab06.csproj", "{880E6070-55E8-4B2D-8097-9A38CBF99607}"
EndProject
Global
	GlobalSection(SolutionConfigurationPlatforms) = preSolution
		Debug|Any CPU = Debug|Any CPU
		Release|Any CPU = Release|Any CPU
	EndGlobalSection
	GlobalSection(ProjectConfigurationPlatforms) = postSolution
		{880E6070-55E8-4B2D-8097-9A38CBF99607}.Debug|Any CPU.ActiveCfg = Debug|Any CPU
		{880E6070-55E8-4B2D-8097-9A38CBF99607}.Debug|Any CPU.Build.0 = Debug|Any CPU
		{880E6070-55E8-4B2D-8097-9A38CBF99607}.Release|Any CPU.ActiveCfg = Release|Any CPU
		{880E6070-55E8-4B2D-8097-9A38CBF99607}.Release|Any CPU.Build.0 = Release|Any CPU
	EndGlobalSection
	GlobalSection(SolutionProperties) = preSolution
		HideSolutionNode = FALSE
	EndGlobalSection
	GlobalSection(ExtensibilityGlobals) = postSolution
		SolutionGuid = {979CF464-16BD-43E5-AAF9-AACB40A8F976}
	EndGlobalSection
EndGlobal
