
Microsoft Visual Studio Solution File, Format Version 12.00
# Visual Studio Version 16
VisualStudioVersion = 16.0.32802.440
MinimumVisualStudioVersion = 10.0.40219.1
Project("{FAE04EC0-301F-11D3-BF4B-00C04F79EFBC}") = "lab03", "lab03\lab03.csproj", "{535DA83E-1D29-4506-AB82-B11377B088D6}"
EndProject
Global
	GlobalSection(SolutionConfigurationPlatforms) = preSolution
		Debug|Any CPU = Debug|Any CPU
		Release|Any CPU = Release|Any CPU
	EndGlobalSection
	GlobalSection(ProjectConfigurationPlatforms) = postSolution
		{535DA83E-1D29-4506-AB82-B11377B088D6}.Debug|Any CPU.ActiveCfg = Debug|Any CPU
		{535DA83E-1D29-4506-AB82-B11377B088D6}.Debug|Any CPU.Build.0 = Debug|Any CPU
		{535DA83E-1D29-4506-AB82-B11377B088D6}.Release|Any CPU.ActiveCfg = Release|Any CPU
		{535DA83E-1D29-4506-AB82-B11377B088D6}.Release|Any CPU.Build.0 = Release|Any CPU
	EndGlobalSection
	GlobalSection(SolutionProperties) = preSolution
		HideSolutionNode = FALSE
	EndGlobalSection
	GlobalSection(ExtensibilityGlobals) = postSolution
		SolutionGuid = {EF2829D7-854E-4ABD-BA66-238937C436D8}
	EndGlobalSection
EndGlobal
