
Microsoft Visual Studio Solution File, Format Version 12.00
# Visual Studio Version 16
VisualStudioVersion = 16.0.32802.440
MinimumVisualStudioVersion = 10.0.40219.1
Project("{FAE04EC0-301F-11D3-BF4B-00C04F79EFBC}") = "lab14", "lab14\lab14.csproj", "{90D8FB61-D9F0-4073-AF82-04B814234F4A}"
EndProject
Global
	GlobalSection(SolutionConfigurationPlatforms) = preSolution
		Debug|Any CPU = Debug|Any CPU
		Release|Any CPU = Release|Any CPU
	EndGlobalSection
	GlobalSection(ProjectConfigurationPlatforms) = postSolution
		{90D8FB61-D9F0-4073-AF82-04B814234F4A}.Debug|Any CPU.ActiveCfg = Debug|Any CPU
		{90D8FB61-D9F0-4073-AF82-04B814234F4A}.Debug|Any CPU.Build.0 = Debug|Any CPU
		{90D8FB61-D9F0-4073-AF82-04B814234F4A}.Release|Any CPU.ActiveCfg = Release|Any CPU
		{90D8FB61-D9F0-4073-AF82-04B814234F4A}.Release|Any CPU.Build.0 = Release|Any CPU
	EndGlobalSection
	GlobalSection(SolutionProperties) = preSolution
		HideSolutionNode = FALSE
	EndGlobalSection
	GlobalSection(ExtensibilityGlobals) = postSolution
		SolutionGuid = {ED9B7A82-F727-4C27-A399-733F9823DD77}
	EndGlobalSection
EndGlobal
