
Microsoft Visual Studio Solution File, Format Version 12.00
# Visual Studio Version 16
VisualStudioVersion = 16.0.32802.440
MinimumVisualStudioVersion = 10.0.40219.1
Project("{FAE04EC0-301F-11D3-BF4B-00C04F79EFBC}") = "lab15", "lab15\lab15.csproj", "{B8EFD9DC-E224-4F7A-A2F9-C2C9F61F17B8}"
EndProject
Global
	GlobalSection(SolutionConfigurationPlatforms) = preSolution
		Debug|Any CPU = Debug|Any CPU
		Release|Any CPU = Release|Any CPU
	EndGlobalSection
	GlobalSection(ProjectConfigurationPlatforms) = postSolution
		{B8EFD9DC-E224-4F7A-A2F9-C2C9F61F17B8}.Debug|Any CPU.ActiveCfg = Debug|Any CPU
		{B8EFD9DC-E224-4F7A-A2F9-C2C9F61F17B8}.Debug|Any CPU.Build.0 = Debug|Any CPU
		{B8EFD9DC-E224-4F7A-A2F9-C2C9F61F17B8}.Release|Any CPU.ActiveCfg = Release|Any CPU
		{B8EFD9DC-E224-4F7A-A2F9-C2C9F61F17B8}.Release|Any CPU.Build.0 = Release|Any CPU
	EndGlobalSection
	GlobalSection(SolutionProperties) = preSolution
		HideSolutionNode = FALSE
	EndGlobalSection
	GlobalSection(ExtensibilityGlobals) = postSolution
		SolutionGuid = {A36409EB-5681-4603-B9B4-F59D58122642}
	EndGlobalSection
EndGlobal
